# THIS IS AN AUTOGENERATED FILE. DO NOT EDIT THIS FILE DIRECTLY.
# yarn lockfile v1


"@now/node@^1.0.2":
  version "1.0.2"
  resolved "https://registry.yarnpkg.com/@now/node/-/node-1.0.2.tgz#484e595d992d52728f5b6e82c0310b5a7ceba851"
  integrity sha512-jGcpqOyQuxbYz0yBAV+Y5VTmuCF+geai1zOQPPKBNzsh+9j5Yoo8f0ImaGYkJeTQv19exKf3hHa5OcA4q4+5qg==
  dependencies:
    "@types/node" "*"

"@types/node@*":
  version "12.12.5"
  resolved "https://registry.yarnpkg.com/@types/node/-/node-12.12.5.tgz#66103d2eddc543d44a04394abb7be52506d7f290"
  integrity sha512-KEjODidV4XYUlJBF3XdjSH5FWoMCtO0utnhtdLf1AgeuZLOrRbvmU/gaRCVg7ZaQDjVf3l84egiY0mRNe5xE4A==

isomorphic-unfetch@^3.0.0:
  version "3.0.0"
  resolved "https://registry.yarnpkg.com/isomorphic-unfetch/-/isomorphic-unfetch-3.0.0.tgz#de6d80abde487b17de2c400a7ef9e5ecc2efb362"
  integrity sha512-V0tmJSYfkKokZ5mgl0cmfQMTb7MLHsBMngTkbLY0eXvKqiVRRoZP04Ly+KhKrJfKtzC9E6Pp15Jo+bwh7Vi2XQ==
  dependencies:
    node-fetch "^2.2.0"
    unfetch "^4.0.0"

node-fetch@^2.2.0:
  version "2.6.0"
  resolved "https://registry.yarnpkg.com/node-fetch/-/node-fetch-2.6.0.tgz#e633456386d4aa55863f676a7ab0daa8fdecb0fd"
  integrity sha512-8dG4H5ujfvFiqDmVu9fQ5bOHUC15JMjMY/Zumv26oOvvVJjM67KF8koCWIabKQ1GJIa9r2mMZscBq/TbdOcmNA==

now@^16.7.1:
  version "16.7.1"
  resolved "https://registry.yarnpkg.com/now/-/now-16.7.1.tgz#b936ee398588849d0374bb76196e43b8cbe14738"
  integrity sha512-iAf6eUaVXc2phDUcM2kYCevhSmk10DRWEraRAUstwUChx14DJRB1Kb65M65Bk13qBXkHIjdfTAH2dR4s1y64+w==

unfetch@^4.0.0:
  version "4.1.0"
  resolved "https://registry.yarnpkg.com/unfetch/-/unfetch-4.1.0.tgz#6ec2dd0de887e58a4dee83a050ded80ffc4137db"
  integrity sha512-crP/n3eAPUJxZXM9T80/yv0YhkTEx2K1D3h7D1AJM6fzsWZrxdyRuLN0JH/dkZh1LNH8LxCnBzoPFCPbb2iGpg==
